
Microsoft Visual Studio Solution File, Format Version 12.00
# Visual Studio Version 17
VisualStudioVersion = 17.10.34928.147
MinimumVisualStudioVersion = 10.0.40219.1
Project("{FAE04EC0-301F-11D3-BF4B-00C04F79EFBC}") = "Ruleta.Server", "Ruleta.Server\Ruleta.Server.csproj", "{8649962A-35B8-4B5A-AD0A-954ADFB64EBD}"
EndProject
Project("{54A90642-561A-4BB1-A94E-469ADEE60C69}") = "ruleta.client", "ruleta.client\ruleta.client.esproj", "{1F82DF59-E5F6-4140-AF9C-8140294CCF39}"
EndProject
Global
	GlobalSection(SolutionConfigurationPlatforms) = preSolution
		Debug|Any CPU = Debug|Any CPU
		Release|Any CPU = Release|Any CPU
	EndGlobalSection
	GlobalSection(ProjectConfigurationPlatforms) = postSolution
		{8649962A-35B8-4B5A-AD0A-954ADFB64EBD}.Debug|Any CPU.ActiveCfg = Debug|Any CPU
		{8649962A-35B8-4B5A-AD0A-954ADFB64EBD}.Debug|Any CPU.Build.0 = Debug|Any CPU
		{8649962A-35B8-4B5A-AD0A-954ADFB64EBD}.Release|Any CPU.ActiveCfg = Release|Any CPU
		{8649962A-35B8-4B5A-AD0A-954ADFB64EBD}.Release|Any CPU.Build.0 = Release|Any CPU
		{1F82DF59-E5F6-4140-AF9C-8140294CCF39}.Debug|Any CPU.ActiveCfg = Debug|Any CPU
		{1F82DF59-E5F6-4140-AF9C-8140294CCF39}.Debug|Any CPU.Build.0 = Debug|Any CPU
		{1F82DF59-E5F6-4140-AF9C-8140294CCF39}.Debug|Any CPU.Deploy.0 = Debug|Any CPU
		{1F82DF59-E5F6-4140-AF9C-8140294CCF39}.Release|Any CPU.ActiveCfg = Release|Any CPU
		{1F82DF59-E5F6-4140-AF9C-8140294CCF39}.Release|Any CPU.Build.0 = Release|Any CPU
		{1F82DF59-E5F6-4140-AF9C-8140294CCF39}.Release|Any CPU.Deploy.0 = Release|Any CPU
	EndGlobalSection
	GlobalSection(SolutionProperties) = preSolution
		HideSolutionNode = FALSE
	EndGlobalSection
	GlobalSection(ExtensibilityGlobals) = postSolution
		SolutionGuid = {348FD9D3-BB0F-4BBE-A1D5-E19D4A628505}
	EndGlobalSection
EndGlobal
